
Microsoft Visual Studio Solution File, Format Version 12.00
Project("{FAE04EC0-301F-11D3-BF4B-00C04F79EFBC}") = "microsoftdotnetexercise", "microsoftdotnetexercise\microsoftdotnetexercise.csproj", "{26035ADD-F166-4C0B-A075-A1D97832DEF1}"
EndProject
Global
	GlobalSection(SolutionConfigurationPlatforms) = preSolution
		Debug|Any CPU = Debug|Any CPU
		Release|Any CPU = Release|Any CPU
	EndGlobalSection
	GlobalSection(ProjectConfigurationPlatforms) = postSolution
		{26035ADD-F166-4C0B-A075-A1D97832DEF1}.Debug|Any CPU.ActiveCfg = Debug|Any CPU
		{26035ADD-F166-4C0B-A075-A1D97832DEF1}.Debug|Any CPU.Build.0 = Debug|Any CPU
		{26035ADD-F166-4C0B-A075-A1D97832DEF1}.Release|Any CPU.ActiveCfg = Release|Any CPU
		{26035ADD-F166-4C0B-A075-A1D97832DEF1}.Release|Any CPU.Build.0 = Release|Any CPU
	EndGlobalSection
EndGlobal
